// !$*UTF8*$!
{
	archiveVersion = 1;
	classes = {
	};
	objectVersion = 48;
	objects = {

/* Begin PBXBuildFile section */
		9AB9A521203B6AC000BC1669 /* BoardView.swift in Sources */ = {isa = PBXBuildFile; fileRef = 9AB9A520203B6AC000BC1669 /* BoardView.swift */; };
		9AB9A523203B7A2100BC1669 /* FifteenBoard.swift in Sources */ = {isa = PBXBuildFile; fileRef = 9AB9A522203B7A2100BC1669 /* FifteenBoard.swift */; };
		9AFD04B5203B64A800BC7F80 /* AppDelegate.swift in Sources */ = {isa = PBXBuildFile; fileRef = 9AFD04B4203B64A800BC7F80 /* AppDelegate.swift */; };
		9AFD04B7203B64A800BC7F80 /* ViewController.swift in Sources */ = {isa = PBXBuildFile; fileRef = 9AFD04B6203B64A800BC7F80 /* ViewController.swift */; };
		9AFD04BA203B64A800BC7F80 /* Main.storyboard in Resources */ = {isa = PBXBuildFile; fileRef = 9AFD04B8203B64A800BC7F80 /* Main.storyboard */; };
		9AFD04BD203B64A800BC7F80 /* FifteenPuzzle.xcdatamodeld in Sources */ = {isa = PBXBuildFile; fileRef = 9AFD04BB203B64A800BC7F80 /* FifteenPuzzle.xcdatamodeld */; };
		9AFD04BF203B64A800BC7F80 /* Assets.xcassets in Resources */ = {isa = PBXBuildFile; fileRef = 9AFD04BE203B64A800BC7F80 /* Assets.xcassets */; };
		9AFD04C2203B64A800BC7F80 /* LaunchScreen.storyboard in Resources */ = {isa = PBXBuildFile; fileRef = 9AFD04C0203B64A800BC7F80 /* LaunchScreen.storyboard */; };
/* End PBXBuildFile section */

/* Begin PBXContainerItemProxy section */
		9AFD04C9203B64A800BC7F80 /* PBXContainerItemProxy */ = {
			isa = PBXContainerItemProxy;
			containerPortal = 9AFD04A9203B64A800BC7F80 /* Project object */;
			proxyType = 1;
			remoteGlobalIDString = 9AFD04B0203B64A800BC7F80;
			remoteInfo = FifteenPuzzle;
		};
		9AFD04D4203B64A800BC7F80 /* PBXContainerItemProxy */ = {
			isa = PBXContainerItemProxy;
			containerPortal = 9AFD04A9203B64A800BC7F80 /* Project object */;
			proxyType = 1;
			remoteGlobalIDString = 9AFD04B0203B64A800BC7F80;
			remoteInfo = FifteenPuzzle;
		};
/* End PBXContainerItemProxy section */

/* Begin PBXFileReference section */
		9AB9A520203B6AC000BC1669 /* BoardView.swift */ = {isa = PBXFileReference; lastKnownFileType = sourcecode.swift; path = BoardView.swift; sourceTree = "<group>"; };
		9AB9A522203B7A2100BC1669 /* FifteenBoard.swift */ = {isa = PBXFileReference; lastKnownFileType = sourcecode.swift; path = FifteenBoard.swift; sourceTree = "<group>"; };
		9AFD04B1203B64A800BC7F80 /* FifteenPuzzle.app */ = {isa = PBXFileReference; explicitFileType = wrapper.application; includeInIndex = 0; path = FifteenPuzzle.app; sourceTree = BUILT_PRODUCTS_DIR; };
		9AFD04B4203B64A800BC7F80 /* AppDelegate.swift */ = {isa = PBXFileReference; lastKnownFileType = sourcecode.swift; path = AppDelegate.swift; sourceTree = "<group>"; };
		9AFD04B6203B64A800BC7F80 /* ViewController.swift */ = {isa = PBXFileReference; lastKnownFileType = sourcecode.swift; path = ViewController.swift; sourceTree = "<group>"; };
		9AFD04B9203B64A800BC7F80 /* Base */ = {isa = PBXFileReference; lastKnownFileType = file.storyboard; name = Base; path = Base.lproj/Main.storyboard; sourceTree = "<group>"; };
		9AFD04BC203B64A800BC7F80 /* FifteenPuzzle.xcdatamodel */ = {isa = PBXFileReference; lastKnownFileType = wrapper.xcdatamodel; path = FifteenPuzzle.xcdatamodel; sourceTree = "<group>"; };
		9AFD04BE203B64A800BC7F80 /* Assets.xcassets */ = {isa = PBXFileReference; lastKnownFileType = folder.assetcatalog; path = Assets.xcassets; sourceTree = "<group>"; };
		9AFD04C1203B64A800BC7F80 /* Base */ = {isa = PBXFileReference; lastKnownFileType = file.storyboard; name = Base; path = Base.lproj/LaunchScreen.storyboard; sourceTree = "<group>"; };
		9AFD04C3203B64A800BC7F80 /* Info.plist */ = {isa = PBXFileReference; lastKnownFileType = text.plist.xml; path = Info.plist; sourceTree = "<group>"; };
		9AFD04C8203B64A800BC7F80 /* FifteenPuzzleTests.xctest */ = {isa = PBXFileReference; explicitFileType = wrapper.cfbundle; includeInIndex = 0; path = FifteenPuzzleTests.xctest; sourceTree = BUILT_PRODUCTS_DIR; };
		9AFD04D3203B64A800BC7F80 /* FifteenPuzzleUITests.xctest */ = {isa = PBXFileReference; explicitFileType = wrapper.cfbundle; includeInIndex = 0; path = FifteenPuzzleUITests.xctest; sourceTree = BUILT_PRODUCTS_DIR; };
/* End PBXFileReference section */

/* Begin PBXFrameworksBuildPhase section */
		9AFD04AE203B64A800BC7F80 /* Frameworks */ = {
			isa = PBXFrameworksBuildPhase;
			buildActionMask = 2147483647;
			files = (
			);
			runOnlyForDeploymentPostprocessing = 0;
		};
		9AFD04C5203B64A800BC7F80 /* Frameworks */ = {
			isa = PBXFrameworksBuildPhase;
			buildActionMask = 2147483647;
			files = (
			);
			runOnlyForDeploymentPostprocessing = 0;
		};
		9AFD04D0203B64A800BC7F80 /* Frameworks */ = {
			isa = PBXFrameworksBuildPhase;
			buildActionMask = 2147483647;
			files = (
			);
			runOnlyForDeploymentPostprocessing = 0;
		};
/* End PBXFrameworksBuildPhase section */

/* Begin PBXGroup section */
		9AFD04A8203B64A700BC7F80 = {
			isa = PBXGroup;
			children = (
				9AFD04B3203B64A800BC7F80 /* FifteenPuzzle */,
				9AFD04B2203B64A800BC7F80 /* Products */,
			);
			sourceTree = "<group>";
		};
		9AFD04B2203B64A800BC7F80 /* Products */ = {
			isa = PBXGroup;
			children = (
				9AFD04B1203B64A800BC7F80 /* FifteenPuzzle.app */,
				9AFD04C8203B64A800BC7F80 /* FifteenPuzzleTests.xctest */,
				9AFD04D3203B64A800BC7F80 /* FifteenPuzzleUITests.xctest */,
			);
			name = Products;
			sourceTree = "<group>";
		};
		9AFD04B3203B64A800BC7F80 /* FifteenPuzzle */ = {
			isa = PBXGroup;
			children = (
				9AFD04B4203B64A800BC7F80 /* AppDelegate.swift */,
				9AFD04B6203B64A800BC7F80 /* ViewController.swift */,
				9AFD04B8203B64A800BC7F80 /* Main.storyboard */,
				9AB9A520203B6AC000BC1669 /* BoardView.swift */,
				9AFD04BE203B64A800BC7F80 /* Assets.xcassets */,
				9AFD04C0203B64A800BC7F80 /* LaunchScreen.storyboard */,
				9AFD04C3203B64A800BC7F80 /* Info.plist */,
				9AFD04BB203B64A800BC7F80 /* FifteenPuzzle.xcdatamodeld */,
				9AB9A522203B7A2100BC1669 /* FifteenBoard.swift */,
			);
			path = FifteenPuzzle;
			sourceTree = "<group>";
		};
/* End PBXGroup section */

/* Begin PBXNativeTarget section */
		9AFD04B0203B64A800BC7F80 /* FifteenPuzzle */ = {
			isa = PBXNativeTarget;
			buildConfigurationList = 9AFD04DC203B64A800BC7F80 /* Build configuration list for PBXNativeTarget "FifteenPuzzle" */;
			buildPhases = (
				9AFD04AD203B64A800BC7F80 /* Sources */,
				9AFD04AE203B64A800BC7F80 /* Frameworks */,
				9AFD04AF203B64A800BC7F80 /* Resources */,
			);
			buildRules = (
			);
			dependencies = (
			);
			name = FifteenPuzzle;
			productName = FifteenPuzzle;
			productReference = 9AFD04B1203B64A800BC7F80 /* FifteenPuzzle.app */;
			productType = "com.apple.product-type.application";
		};
		9AFD04C7203B64A800BC7F80 /* FifteenPuzzleTests */ = {
			isa = PBXNativeTarget;
			buildConfigurationList = 9AFD04DF203B64A800BC7F80 /* Build configuration list for PBXNativeTarget "FifteenPuzzleTests" */;
			buildPhases = (
				9AFD04C4203B64A800BC7F80 /* Sources */,
				9AFD04C5203B64A800BC7F80 /* Frameworks */,
				9AFD04C6203B64A800BC7F80 /* Resources */,
			);
			buildRules = (
			);
			dependencies = (
				9AFD04CA203B64A800BC7F80 /* PBXTargetDependency */,
			);
			name = FifteenPuzzleTests;
			productName = FifteenPuzzleTests;
			productReference = 9AFD04C8203B64A800BC7F80 /* FifteenPuzzleTests.xctest */;
			productType = "com.apple.product-type.bundle.unit-test";
		};
		9AFD04D2203B64A800BC7F80 /* FifteenPuzzleUITests */ = {
			isa = PBXNativeTarget;
			buildConfigurationList = 9AFD04E2203B64A800BC7F80 /* Build configuration list for PBXNativeTarget "FifteenPuzzleUITests" */;
			buildPhases = (
				9AFD04CF203B64A800BC7F80 /* Sources */,
				9AFD04D0203B64A800BC7F80 /* Frameworks */,
				9AFD04D1203B64A800BC7F80 /* Resources */,
			);
			buildRules = (
			);
			dependencies = (
				9AFD04D5203B64A800BC7F80 /* PBXTargetDependency */,
			);
			name = FifteenPuzzleUITests;
			productName = FifteenPuzzleUITests;
			productReference = 9AFD04D3203B64A800BC7F80 /* FifteenPuzzleUITests.xctest */;
			productType = "com.apple.product-type.bundle.ui-testing";
		};
/* End PBXNativeTarget section */

/* Begin PBXProject section */
		9AFD04A9203B64A800BC7F80 /* Project object */ = {
			isa = PBXProject;
			attributes = {
				LastSwiftUpdateCheck = 0920;
				LastUpgradeCheck = 0920;
				ORGANIZATIONNAME = "Ron Cotton";
				TargetAttributes = {
					9AFD04B0203B64A800BC7F80 = {
						CreatedOnToolsVersion = 9.2;
						ProvisioningStyle = Automatic;
					};
					9AFD04C7203B64A800BC7F80 = {
						CreatedOnToolsVersion = 9.2;
						ProvisioningStyle = Automatic;
						TestTargetID = 9AFD04B0203B64A800BC7F80;
					};
					9AFD04D2203B64A800BC7F80 = {
						CreatedOnToolsVersion = 9.2;
						ProvisioningStyle = Automatic;
						TestTargetID = 9AFD04B0203B64A800BC7F80;
					};
				};
			};
			buildConfigurationList = 9AFD04AC203B64A800BC7F80 /* Build configuration list for PBXProject "FifteenPuzzle" */;
			compatibilityVersion = "Xcode 8.0";
			developmentRegion = en;
			hasScannedForEncodings = 0;
			knownRegions = (
				en,
				Base,
			);
			mainGroup = 9AFD04A8203B64A700BC7F80;
			productRefGroup = 9AFD04B2203B64A800BC7F80 /* Products */;
			projectDirPath = "";
			projectRoot = "";
			targets = (
				9AFD04B0203B64A800BC7F80 /* FifteenPuzzle */,
				9AFD04C7203B64A800BC7F80 /* FifteenPuzzleTests */,
				9AFD04D2203B64A800BC7F80 /* FifteenPuzzleUITests */,
			);
		};
/* End PBXProject section */

/* Begin PBXResourcesBuildPhase section */
		9AFD04AF203B64A800BC7F80 /* Resources */ = {
			isa = PBXResourcesBuildPhase;
			buildActionMask = 2147483647;
			files = (
				9AFD04C2203B64A800BC7F80 /* LaunchScreen.storyboard in Resources */,
				9AFD04BF203B64A800BC7F80 /* Assets.xcassets in Resources */,
				9AFD04BA203B64A800BC7F80 /* Main.storyboard in Resources */,
			);
			runOnlyForDeploymentPostprocessing = 0;
		};
		9AFD04C6203B64A800BC7F80 /* Resources */ = {
			isa = PBXResourcesBuildPhase;
			buildActionMask = 2147483647;
			files = (
			);
			runOnlyForDeploymentPostprocessing = 0;
		};
		9AFD04D1203B64A800BC7F80 /* Resources */ = {
			isa = PBXResourcesBuildPhase;
			buildActionMask = 2147483647;
			files = (
			);
			runOnlyForDeploymentPostprocessing = 0;
		};
/* End PBXResourcesBuildPhase section */

/* Begin PBXSourcesBuildPhase section */
		9AFD04AD203B64A800BC7F80 /* Sources */ = {
			isa = PBXSourcesBuildPhase;
			buildActionMask = 2147483647;
			files = (
				9AFD04B7203B64A800BC7F80 /* ViewController.swift in Sources */,
				9AB9A521203B6AC000BC1669 /* BoardView.swift in Sources */,
				9AB9A523203B7A2100BC1669 /* FifteenBoard.swift in Sources */,
				9AFD04B5203B64A800BC7F80 /* AppDelegate.swift in Sources */,
				9AFD04BD203B64A800BC7F80 /* FifteenPuzzle.xcdatamodeld in Sources */,
			);
			runOnlyForDeploymentPostprocessing = 0;
		};
		9AFD04C4203B64A800BC7F80 /* Sources */ = {
			isa = PBXSourcesBuildPhase;
			buildActionMask = 2147483647;
			files = (
			);
			runOnlyForDeploymentPostprocessing = 0;
		};
		9AFD04CF203B64A800BC7F80 /* Sources */ = {
			isa = PBXSourcesBuildPhase;
			buildActionMask = 2147483647;
			files = (
			);
			runOnlyForDeploymentPostprocessing = 0;
		};
/* End PBXSourcesBuildPhase section */

/* Begin PBXTargetDependency section */
		9AFD04CA203B64A800BC7F80 /* PBXTargetDependency */ = {
			isa = PBXTargetDependency;
			target = 9AFD04B0203B64A800BC7F80 /* FifteenPuzzle */;
			targetProxy = 9AFD04C9203B64A800BC7F80 /* PBXContainerItemProxy */;
		};
		9AFD04D5203B64A800BC7F80 /* PBXTargetDependency */ = {
			isa = PBXTargetDependency;
			target = 9AFD04B0203B64A800BC7F80 /* FifteenPuzzle */;
			targetProxy = 9AFD04D4203B64A800BC7F80 /* PBXContainerItemProxy */;
		};
/* End PBXTargetDependency section */

/* Begin PBXVariantGroup section */
		9AFD04B8203B64A800BC7F80 /* Main.storyboard */ = {
			isa = PBXVariantGroup;
			children = (
				9AFD04B9203B64A800BC7F80 /* Base */,
			);
			name = Main.storyboard;
			sourceTree = "<group>";
		};
		9AFD04C0203B64A800BC7F80 /* LaunchScreen.storyboard */ = {
			isa = PBXVariantGroup;
			children = (
				9AFD04C1203B64A800BC7F80 /* Base */,
			);
			name = LaunchScreen.storyboard;
			sourceTree = "<group>";
		};
/* End PBXVariantGroup section */

/* Begin XCBuildConfiguration section */
		9AFD04DA203B64A800BC7F80 /* Debug */ = {
			isa = XCBuildConfiguration;
			buildSettings = {
				ALWAYS_SEARCH_USER_PATHS = NO;
				CLANG_ANALYZER_NONNULL = YES;
				CLANG_ANALYZER_NUMBER_OBJECT_CONVERSION = YES_AGGRESSIVE;
				CLANG_CXX_LANGUAGE_STANDARD = "gnu++14";
				CLANG_CXX_LIBRARY = "libc++";
				CLANG_ENABLE_MODULES = YES;
				CLANG_ENABLE_OBJC_ARC = YES;
				CLANG_WARN_BLOCK_CAPTURE_AUTORELEASING = YES;
				CLANG_WARN_BOOL_CONVERSION = YES;
				CLANG_WARN_COMMA = YES;
				CLANG_WARN_CONSTANT_CONVERSION = YES;
				CLANG_WARN_DIRECT_OBJC_ISA_USAGE = YES_ERROR;
				CLANG_WARN_DOCUMENTATION_COMMENTS = YES;
				CLANG_WARN_EMPTY_BODY = YES;
				CLANG_WARN_ENUM_CONVERSION = YES;
				CLANG_WARN_INFINITE_RECURSION = YES;
				CLANG_WARN_INT_CONVERSION = YES;
				CLANG_WARN_NON_LITERAL_NULL_CONVERSION = YES;
				CLANG_WARN_OBJC_LITERAL_CONVERSION = YES;
				CLANG_WARN_OBJC_ROOT_CLASS = YES_ERROR;
				CLANG_WARN_RANGE_LOOP_ANALYSIS = YES;
				CLANG_WARN_STRICT_PROTOTYPES = YES;
				CLANG_WARN_SUSPICIOUS_MOVE = YES;
				CLANG_WARN_UNGUARDED_AVAILABILITY = YES_AGGRESSIVE;
				CLANG_WARN_UNREACHABLE_CODE = YES;
				CLANG_WARN__DUPLICATE_METHOD_MATCH = YES;
				CODE_SIGN_IDENTITY = "iPhone Developer";
				COPY_PHASE_STRIP = NO;
				DEBUG_INFORMATION_FORMAT = dwarf;
				ENABLE_STRICT_OBJC_MSGSEND = YES;
				ENABLE_TESTABILITY = YES;
				GCC_C_LANGUAGE_STANDARD = gnu11;
				GCC_DYNAMIC_NO_PIC = NO;
				GCC_NO_COMMON_BLOCKS = YES;
				GCC_OPTIMIZATION_LEVEL = 0;
				GCC_PREPROCESSOR_DEFINITIONS = (
					"DEBUG=1",
					"$(inherited)",
				);
				GCC_WARN_64_TO_32_BIT_CONVERSION = YES;
				GCC_WARN_ABOUT_RETURN_TYPE = YES_ERROR;
				GCC_WARN_UNDECLARED_SELECTOR = YES;
				GCC_WARN_UNINITIALIZED_AUTOS = YES_AGGRESSIVE;
				GCC_WARN_UNUSED_FUNCTION = YES;
				GCC_WARN_UNUSED_VARIABLE = YES;
				IPHONEOS_DEPLOYMENT_TARGET = 11.2;
				MTL_ENABLE_DEBUG_INFO = YES;
				ONLY_ACTIVE_ARCH = YES;
				SDKROOT = iphoneos;
				SWIFT_ACTIVE_COMPILATION_CONDITIONS = DEBUG;
				SWIFT_OPTIMIZATION_LEVEL = "-Onone";
			};
			name = Debug;
		};
		9AFD04DB203B64A800BC7F80 /* Release */ = {
			isa = XCBuildConfiguration;
			buildSettings = {
				ALWAYS_SEARCH_USER_PATHS = NO;
				CLANG_ANALYZER_NONNULL = YES;
				CLANG_ANALYZER_NUMBER_OBJECT_CONVERSION = YES_AGGRESSIVE;
				CLANG_CXX_LANGUAGE_STANDARD = "gnu++14";
				CLANG_CXX_LIBRARY = "libc++";
				CLANG_ENABLE_MODULES = YES;
				CLANG_ENABLE_OBJC_ARC = YES;
				CLANG_WARN_BLOCK_CAPTURE_AUTORELEASING = YES;
				CLANG_WARN_BOOL_CONVERSION = YES;
				CLANG_WARN_COMMA = YES;
				CLANG_WARN_CONSTANT_CONVERSION = YES;
				CLANG_WARN_DIRECT_OBJC_ISA_USAGE = YES_ERROR;
				CLANG_WARN_DOCUMENTATION_COMMENTS = YES;
				CLANG_WARN_EMPTY_BODY = YES;
				CLANG_WARN_ENUM_CONVERSION = YES;
				CLANG_WARN_INFINITE_RECURSION = YES;
				CLANG_WARN_INT_CONVERSION = YES;
				CLANG_WARN_NON_LITERAL_NULL_CONVERSION = YES;
				CLANG_WARN_OBJC_LITERAL_CONVERSION = YES;
				CLANG_WARN_OBJC_ROOT_CLASS = YES_ERROR;
				CLANG_WARN_RANGE_LOOP_ANALYSIS = YES;
				CLANG_WARN_STRICT_PROTOTYPES = YES;
				CLANG_WARN_SUSPICIOUS_MOVE = YES;
				CLANG_WARN_UNGUARDED_AVAILABILITY = YES_AGGRESSIVE;
				CLANG_WARN_UNREACHABLE_CODE = YES;
				CLANG_WARN__DUPLICATE_METHOD_MATCH = YES;
				CODE_SIGN_IDENTITY = "iPhone Developer";
				COPY_PHASE_STRIP = NO;
				DEBUG_INFORMATION_FORMAT = "dwarf-with-dsym";
				ENABLE_NS_ASSERTIONS = NO;
				ENABLE_STRICT_OBJC_MSGSEND = YES;
				GCC_C_LANGUAGE_STANDARD = gnu11;
				GCC_NO_COMMON_BLOCKS = YES;
				GCC_WARN_64_TO_32_BIT_CONVERSION = YES;
				GCC_WARN_ABOUT_RETURN_TYPE = YES_ERROR;
				GCC_WARN_UNDECLARED_SELECTOR = YES;
				GCC_WARN_UNINITIALIZED_AUTOS = YES_AGGRESSIVE;
				GCC_WARN_UNUSED_FUNCTION = YES;
				GCC_WARN_UNUSED_VARIABLE = YES;
				IPHONEOS_DEPLOYMENT_TARGET = 11.2;
				MTL_ENABLE_DEBUG_INFO = NO;
				SDKROOT = iphoneos;
				SWIFT_OPTIMIZATION_LEVEL = "-Owholemodule";
				VALIDATE_PRODUCT = YES;
			};
			name = Release;
		};
		9AFD04DD203B64A800BC7F80 /* Debug */ = {
			isa = XCBuildConfiguration;
			buildSettings = {
				ASSETCATALOG_COMPILER_APPICON_NAME = AppIcon;
				CODE_SIGN_STYLE = Automatic;
				INFOPLIST_FILE = FifteenPuzzle/Info.plist;
				LD_RUNPATH_SEARCH_PATHS = "$(inherited) @executable_path/Frameworks";
				PRODUCT_BUNDLE_IDENTIFIER = com.roncotton.FifteenPuzzle;
				PRODUCT_NAME = "$(TARGET_NAME)";
				SWIFT_VERSION = 4.0;
				TARGETED_DEVICE_FAMILY = "1,2";
			};
			name = Debug;
		};
		9AFD04DE203B64A800BC7F80 /* Release */ = {
			isa = XCBuildConfiguration;
			buildSettings = {
				ASSETCATALOG_COMPILER_APPICON_NAME = AppIcon;
				CODE_SIGN_STYLE = Automatic;
				INFOPLIST_FILE = FifteenPuzzle/Info.plist;
				LD_RUNPATH_SEARCH_PATHS = "$(inherited) @executable_path/Frameworks";
				PRODUCT_BUNDLE_IDENTIFIER = com.roncotton.FifteenPuzzle;
				PRODUCT_NAME = "$(TARGET_NAME)";
				SWIFT_VERSION = 4.0;
				TARGETED_DEVICE_FAMILY = "1,2";
			};
			name = Release;
		};
		9AFD04E0203B64A800BC7F80 /* Debug */ = {
			isa = XCBuildConfiguration;
			buildSettings = {
				ALWAYS_EMBED_SWIFT_STANDARD_LIBRARIES = YES;
				BUNDLE_LOADER = "$(TEST_HOST)";
				CODE_SIGN_STYLE = Automatic;
				INFOPLIST_FILE = FifteenPuzzleTests/Info.plist;
				LD_RUNPATH_SEARCH_PATHS = "$(inherited) @executable_path/Frameworks @loader_path/Frameworks";
				PRODUCT_BUNDLE_IDENTIFIER = com.roncotton.FifteenPuzzleTests;
				PRODUCT_NAME = "$(TARGET_NAME)";
				SWIFT_VERSION = 4.0;
				TARGETED_DEVICE_FAMILY = "1,2";
				TEST_HOST = "$(BUILT_PRODUCTS_DIR)/FifteenPuzzle.app/FifteenPuzzle";
			};
			name = Debug;
		};
		9AFD04E1203B64A800BC7F80 /* Release */ = {
			isa = XCBuildConfiguration;
			buildSettings = {
				ALWAYS_EMBED_SWIFT_STANDARD_LIBRARIES = YES;
				BUNDLE_LOADER = "$(TEST_HOST)";
				CODE_SIGN_STYLE = Automatic;
				INFOPLIST_FILE = FifteenPuzzleTests/Info.plist;
				LD_RUNPATH_SEARCH_PATHS = "$(inherited) @executable_path/Frameworks @loader_path/Frameworks";
				PRODUCT_BUNDLE_IDENTIFIER = com.roncotton.FifteenPuzzleTests;
				PRODUCT_NAME = "$(TARGET_NAME)";
				SWIFT_VERSION = 4.0;
				TARGETED_DEVICE_FAMILY = "1,2";
				TEST_HOST = "$(BUILT_PRODUCTS_DIR)/FifteenPuzzle.app/FifteenPuzzle";
			};
			name = Release;
		};
		9AFD04E3203B64A800BC7F80 /* Debug */ = {
			isa = XCBuildConfiguration;
			buildSettings = {
				ALWAYS_EMBED_SWIFT_STANDARD_LIBRARIES = YES;
				CODE_SIGN_STYLE = Automatic;
				INFOPLIST_FILE = FifteenPuzzleUITests/Info.plist;
				LD_RUNPATH_SEARCH_PATHS = "$(inherited) @executable_path/Frameworks @loader_path/Frameworks";
				PRODUCT_BUNDLE_IDENTIFIER = com.roncotton.FifteenPuzzleUITests;
				PRODUCT_NAME = "$(TARGET_NAME)";
				SWIFT_VERSION = 4.0;
				TARGETED_DEVICE_FAMILY = "1,2";
				TEST_TARGET_NAME = FifteenPuzzle;
			};
			name = Debug;
		};
		9AFD04E4203B64A800BC7F80 /* Release */ = {
			isa = XCBuildConfiguration;
			buildSettings = {
				ALWAYS_EMBED_SWIFT_STANDARD_LIBRARIES = YES;
				CODE_SIGN_STYLE = Automatic;
				INFOPLIST_FILE = FifteenPuzzleUITests/Info.plist;
				LD_RUNPATH_SEARCH_PATHS = "$(inherited) @executable_path/Frameworks @loader_path/Frameworks";
				PRODUCT_BUNDLE_IDENTIFIER = com.roncotton.FifteenPuzzleUITests;
				PRODUCT_NAME = "$(TARGET_NAME)";
				SWIFT_VERSION = 4.0;
				TARGETED_DEVICE_FAMILY = "1,2";
				TEST_TARGET_NAME = FifteenPuzzle;
			};
			name = Release;
		};
/* End XCBuildConfiguration section */

/* Begin XCConfigurationList section */
		9AFD04AC203B64A800BC7F80 /* Build configuration list for PBXProject "FifteenPuzzle" */ = {
			isa = XCConfigurationList;
			buildConfigurations = (
				9AFD04DA203B64A800BC7F80 /* Debug */,
				9AFD04DB203B64A800BC7F80 /* Release */,
			);
			defaultConfigurationIsVisible = 0;
			defaultConfigurationName = Release;
		};
		9AFD04DC203B64A800BC7F80 /* Build configuration list for PBXNativeTarget "FifteenPuzzle" */ = {
			isa = XCConfigurationList;
			buildConfigurations = (
				9AFD04DD203B64A800BC7F80 /* Debug */,
				9AFD04DE203B64A800BC7F80 /* Release */,
			);
			defaultConfigurationIsVisible = 0;
			defaultConfigurationName = Release;
		};
		9AFD04DF203B64A800BC7F80 /* Build configuration list for PBXNativeTarget "FifteenPuzzleTests" */ = {
			isa = XCConfigurationList;
			buildConfigurations = (
				9AFD04E0203B64A800BC7F80 /* Debug */,
				9AFD04E1203B64A800BC7F80 /* Release */,
			);
			defaultConfigurationIsVisible = 0;
			defaultConfigurationName = Release;
		};
		9AFD04E2203B64A800BC7F80 /* Build configuration list for PBXNativeTarget "FifteenPuzzleUITests" */ = {
			isa = XCConfigurationList;
			buildConfigurations = (
				9AFD04E3203B64A800BC7F80 /* Debug */,
				9AFD04E4203B64A800BC7F80 /* Release */,
			);
			defaultConfigurationIsVisible = 0;
			defaultConfigurationName = Release;
		};
/* End XCConfigurationList section */

/* Begin XCVersionGroup section */
		9AFD04BB203B64A800BC7F80 /* FifteenPuzzle.xcdatamodeld */ = {
			isa = XCVersionGroup;
			children = (
				9AFD04BC203B64A800BC7F80 /* FifteenPuzzle.xcdatamodel */,
			);
			currentVersion = 9AFD04BC203B64A800BC7F80 /* FifteenPuzzle.xcdatamodel */;
			path = FifteenPuzzle.xcdatamodeld;
			sourceTree = "<group>";
			versionGroupType = wrapper.xcdatamodel;
		};
/* End XCVersionGroup section */
	};
	rootObject = 9AFD04A9203B64A800BC7F80 /* Project object */;
}
